# This file is automatically @generated by Cargo.
# It is not intended for manual editing.
version = 3

[[package]]
name = "buildings"
version = "0.1.0"

[[package]]
name = "database"
version = "0.1.0"

[[package]]
name = "diplomacy"
version = "0.1.0"

[[package]]
name = "map"
version = "0.1.0"

[[package]]
name = "market"
version = "0.1.0"

[[package]]
name = "resources"
version = "0.1.0"

[[package]]
name = "server"
version = "0.1.0"

[[package]]
name = "technology_tree"
version = "0.1.0"

[[package]]
name = "units"
version = "0.1.0"

[[package]]
name = "weapons"
version = "0.1.0"
